
Microsoft Visual Studio Solution File, Format Version 12.00
# Visual Studio Version 17
VisualStudioVersion = 17.0.32112.339
MinimumVisualStudioVersion = 10.0.40219.1
Project("{9A19103F-16F7-4668-BE54-9A1E7A4F7556}") = "WebAPI", "WebAPI.csproj", "{34515FB8-E0AA-4C36-8C3D-22ACAA34A9F3}"
EndProject
Global
	GlobalSection(SolutionConfigurationPlatforms) = preSolution
		Debug|Any CPU = Debug|Any CPU
		Release|Any CPU = Release|Any CPU
	EndGlobalSection
	GlobalSection(ProjectConfigurationPlatforms) = postSolution
		{34515FB8-E0AA-4C36-8C3D-22ACAA34A9F3}.Debug|Any CPU.ActiveCfg = Debug|Any CPU
		{34515FB8-E0AA-4C36-8C3D-22ACAA34A9F3}.Debug|Any CPU.Build.0 = Debug|Any CPU
		{34515FB8-E0AA-4C36-8C3D-22ACAA34A9F3}.Release|Any CPU.ActiveCfg = Release|Any CPU
		{34515FB8-E0AA-4C36-8C3D-22ACAA34A9F3}.Release|Any CPU.Build.0 = Release|Any CPU
	EndGlobalSection
	GlobalSection(SolutionProperties) = preSolution
		HideSolutionNode = FALSE
	EndGlobalSection
	GlobalSection(ExtensibilityGlobals) = postSolution
		SolutionGuid = {FA88A556-3D41-47EC-B3E6-0029A6E16021}
	EndGlobalSection
EndGlobal
